Microsoft Visual Studio Solution File, Format Version 12.00
# Visual Studio Version 17
VisualStudioVersion = 17.5.2.0
MinimumVisualStudioVersion = 10.0.40219.1
Project("{FAE04EC0-301F-11D3-BF4B-00C04F79EFBC}") = "CompanionAI_v3", "CompanionAI_v3.csproj", "{24E5A082-86AF-9B5C-832D-CD8E0CA2F03B}"
EndProject
Global
	GlobalSection(SolutionConfigurationPlatforms) = preSolution
		Debug|Any CPU = Debug|Any CPU
		Release|Any CPU = Release|Any CPU
	EndGlobalSection
	GlobalSection(ProjectConfigurationPlatforms) = postSolution
		{24E5A082-86AF-9B5C-832D-CD8E0CA2F03B}.Debug|Any CPU.ActiveCfg = Debug|Any CPU
		{24E5A082-86AF-9B5C-832D-CD8E0CA2F03B}.Debug|Any CPU.Build.0 = Debug|Any CPU
		{24E5A082-86AF-9B5C-832D-CD8E0CA2F03B}.Release|Any CPU.ActiveCfg = Release|Any CPU
		{24E5A082-86AF-9B5C-832D-CD8E0CA2F03B}.Release|Any CPU.Build.0 = Release|Any CPU
	EndGlobalSection
	GlobalSection(SolutionProperties) = preSolution
		HideSolutionNode = FALSE
	EndGlobalSection
	GlobalSection(ExtensibilityGlobals) = postSolution
		SolutionGuid = {7A8FEA29-6A05-4B74-B087-A1D5BB16A053}
	EndGlobalSection
EndGlobal
